
Microsoft Visual Studio Solution File, Format Version 12.00
# Visual Studio Version 16
VisualStudioVersion = 16.0.29215.179
MinimumVisualStudioVersion = 10.0.40219.1
Project("{9A19103F-16F7-4668-BE54-9A1E7A4F7556}") = "CursoCSharp", "CursoCSharp\CursoCSharp.csproj", "{D70A901B-5425-4ADC-AE17-98E703447A6E}"
EndProject
Project("{FAE04EC0-301F-11D3-BF4B-00C04F79EFBC}") = "Encapsulamento", "Encapsulamento\Encapsulamento.csproj", "{9675BE91-1F25-4B00-BE6E-3748D9399BD4}"
EndProject
Global
	GlobalSection(SolutionConfigurationPlatforms) = preSolution
		Debug|Any CPU = Debug|Any CPU
		Release|Any CPU = Release|Any CPU
	EndGlobalSection
	GlobalSection(ProjectConfigurationPlatforms) = postSolution
		{D70A901B-5425-4ADC-AE17-98E703447A6E}.Debug|Any CPU.ActiveCfg = Debug|Any CPU
		{D70A901B-5425-4ADC-AE17-98E703447A6E}.Debug|Any CPU.Build.0 = Debug|Any CPU
		{D70A901B-5425-4ADC-AE17-98E703447A6E}.Release|Any CPU.ActiveCfg = Release|Any CPU
		{D70A901B-5425-4ADC-AE17-98E703447A6E}.Release|Any CPU.Build.0 = Release|Any CPU
		{9675BE91-1F25-4B00-BE6E-3748D9399BD4}.Debug|Any CPU.ActiveCfg = Debug|Any CPU
		{9675BE91-1F25-4B00-BE6E-3748D9399BD4}.Debug|Any CPU.Build.0 = Debug|Any CPU
		{9675BE91-1F25-4B00-BE6E-3748D9399BD4}.Release|Any CPU.ActiveCfg = Release|Any CPU
		{9675BE91-1F25-4B00-BE6E-3748D9399BD4}.Release|Any CPU.Build.0 = Release|Any CPU
	EndGlobalSection
	GlobalSection(SolutionProperties) = preSolution
		HideSolutionNode = FALSE
	EndGlobalSection
	GlobalSection(ExtensibilityGlobals) = postSolution
		SolutionGuid = {AFD94CD0-ABA0-4DBE-AEDF-5CF88AC33718}
	EndGlobalSection
EndGlobal
